# Generated by conda-lock.
# platform: win-64
# input_hash: f11bffd41f400ace25b3e1c7349e8b7ce26ab09135d89311669c2d8c02993470
@EXPLICIT
https://conda.anaconda.org/conda-forge/win-64/ca-certificates-2024.8.30-h56e8100_0.conda#4c4fd67c18619be5aa65dc5b6c72e490
https://conda.anaconda.org/conda-forge/win-64/intel-openmp-2024.2.1-h57928b3_1083.conda#2d89243bfb53652c182a7c73182cce4f
https://conda.anaconda.org/conda-forge/noarch/pybind11-abi-4-hd8ed1ab_3.tar.bz2#878f923dd6acc8aeb47a75da6c4098be
https://conda.anaconda.org/conda-forge/win-64/python_abi-3.10-5_cp310.conda#3c510f4c4383f5fbdb12fdd971b30d49
https://conda.anaconda.org/conda-forge/noarch/tzdata-2024b-hc8b5060_0.conda#8ac3367aafb1cc0a068483c580af8015
https://conda.anaconda.org/conda-forge/win-64/ucrt-10.0.22621.0-h57928b3_1.conda#6797b005cd0f439c4c5c9ac565783700
https://conda.anaconda.org/conda-forge/win-64/vc14_runtime-14.40.33810-hcc2c482_22.conda#ce23a4b980ee0556a118ed96550ff3f3
https://conda.anaconda.org/conda-forge/win-64/vc-14.3-h8a93ad2_22.conda#a47cd756e88d8a80dfae678842d4acc9
https://conda.anaconda.org/conda-forge/win-64/vs2015_runtime-14.40.33810-h3bf8584_22.conda#8c6b061d44cafdfc8e8c6eb5f100caf0
https://conda.anaconda.org/conda-forge/win-64/aws-c-common-0.9.28-h2466b09_0.conda#3ffb0664a913a557bf89ed1834d0c12c
https://conda.anaconda.org/conda-forge/win-64/bzip2-1.0.8-h2466b09_7.conda#276e7ffe9ffe39688abc665ef0f45596
https://conda.anaconda.org/conda-forge/win-64/c-ares-1.34.2-h2466b09_0.conda#6fcf481938188279f28757a4814a4b73
https://conda.anaconda.org/conda-forge/win-64/fmt-11.0.2-h7f575de_0.conda#4bd427b6423eead4edea9533dc5381ba
https://conda.anaconda.org/conda-forge/win-64/libabseil-20240722.0-cxx17_he0c23c2_1.conda#3f59a73b07a05530b252ecb07dd882b9
https://conda.anaconda.org/conda-forge/win-64/libcrc32c-1.1.2-h0e60522_0.tar.bz2#cd4cc2d0c610c8cb5419ccc979f2d6ce
https://conda.anaconda.org/conda-forge/win-64/libffi-3.4.2-h8ffe710_5.tar.bz2#2c96d1b6915b408893f9472569dee135
https://conda.anaconda.org/conda-forge/win-64/libiconv-1.17-hcfcfb64_2.conda#e1eb10b1cca179f2baa3601e4efc8712
https://conda.anaconda.org/conda-forge/win-64/libsqlite-3.46.1-h2466b09_0.conda#8a7c1ad01f58623bfbae8d601db7cf3b
https://conda.anaconda.org/conda-forge/win-64/libwebp-base-1.4.0-hcfcfb64_0.conda#abd61d0ab127ec5cd68f62c2969e6f34
https://conda.anaconda.org/conda-forge/win-64/libzlib-1.3.1-h2466b09_2.conda#41fbfac52c601159df6c01f875de31b9
https://conda.anaconda.org/conda-forge/win-64/lz4-c-1.9.4-hcfcfb64_0.conda#e34720eb20a33fc3bfb8451dd837ab7a
https://conda.anaconda.org/conda-forge/win-64/lzo-2.10-hcfcfb64_1001.conda#629f4f4e874cf096eb93a23240910cee
https://conda.anaconda.org/conda-forge/win-64/openssl-3.3.2-h2466b09_0.conda#1dc86753693df5e3326bb8a85b74c589
https://conda.anaconda.org/conda-forge/win-64/pthreads-win32-2.9.1-h2466b09_4.conda#cf98a67a1ec8040b42455002a24f0b0b
https://conda.anaconda.org/conda-forge/win-64/reproc-14.2.4.post0-hcfcfb64_1.conda#887478162e563ea09451b19c22b1605b
https://conda.anaconda.org/conda-forge/win-64/tk-8.6.13-h5226925_1.conda#fc048363eb8f03cd1737600a5d08aafe
https://conda.anaconda.org/conda-forge/win-64/xz-5.2.6-h8d14728_0.tar.bz2#515d77642eaa3639413c6b1bc3f94219
https://conda.anaconda.org/conda-forge/win-64/yaml-cpp-0.8.0-h63175ca_0.conda#9032e2129ea7afcc1a8e3d85715a931d
https://conda.anaconda.org/conda-forge/win-64/aws-c-cal-0.7.4-hf1fc857_1.conda#7c01760e07f867666662a4d91e998308
https://conda.anaconda.org/conda-forge/win-64/aws-c-compression-0.2.19-hf1fc857_1.conda#289e8943be0dce6b1abf60652bc1492e
https://conda.anaconda.org/conda-forge/win-64/aws-c-sdkutils-0.1.19-hf1fc857_3.conda#b00e5b1b3985d9dfadde29e8b00f85e4
https://conda.anaconda.org/conda-forge/win-64/aws-checksums-0.1.20-hf1fc857_0.conda#1b66a8719c94d85fa6658d8f46600f21
https://conda.anaconda.org/conda-forge/win-64/krb5-1.21.3-hdf4eb48_0.conda#31aec030344e962fbd7dbbbbd68e60a9
https://conda.anaconda.org/conda-forge/win-64/libprotobuf-5.27.5-hcaed137_2.conda#0155746155856bc39091b5242c9b52d7
https://conda.anaconda.org/conda-forge/win-64/libre2-11-2024.07.02-h4eb7d71_1.conda#d8dbfb066c8e3e85439687613d32057d
https://conda.anaconda.org/conda-forge/win-64/libsolv-0.7.30-hbb528cf_0.conda#8394b4531cef34f46297f73286a35a39
https://conda.anaconda.org/conda-forge/win-64/libssh2-1.11.0-h7dfc565_0.conda#dc262d03aae04fe26825062879141a41
https://conda.anaconda.org/conda-forge/win-64/libxml2-2.12.7-h0f24e4e_4.conda#ed4d301f0d2149b34deb9c4fecafd836
https://conda.anaconda.org/conda-forge/win-64/python-3.10.15-hfaddaf0_2_cpython.conda#52a45ce756c062994b25738288c8ab62
https://conda.anaconda.org/conda-forge/win-64/reproc-cpp-14.2.4.post0-h63175ca_1.conda#12fcd53cef836a4128c65c464ebb09d7
https://conda.anaconda.org/conda-forge/win-64/spdlog-1.14.1-h9f2357e_1.conda#b9bff07144f2be7ee32f0b83a79ef21d
https://conda.anaconda.org/conda-forge/win-64/zstd-1.5.6-h0ea2cb4_0.conda#9a17230f95733c04dc40a2b1e5491d74
https://conda.anaconda.org/conda-forge/noarch/archspec-0.2.3-pyhd8ed1ab_0.conda#192278292e20704f663b9c766909d67b
https://conda.anaconda.org/conda-forge/win-64/aws-c-io-0.14.18-h3831a8d_12.conda#360c63cdf64d7bbd99196eb23d753908
https://conda.anaconda.org/conda-forge/noarch/boltons-24.0.0-pyhd8ed1ab_0.conda#61de176bd62041f9cd5bd4fcd09eb0ff
https://conda.anaconda.org/conda-forge/win-64/brotli-python-1.1.0-py310h9e98ed7_2.conda#3a10a1d0cf3ece273195f26191fd6cc6
https://conda.anaconda.org/conda-forge/noarch/certifi-2024.8.30-pyhd8ed1ab_0.conda#12f7d00853807b0531775e9be891cb11
https://conda.anaconda.org/conda-forge/noarch/charset-normalizer-3.4.0-pyhd8ed1ab_0.conda#a374efa97290b8799046df7c5ca17164
https://conda.anaconda.org/conda-forge/noarch/colorama-0.4.6-pyhd8ed1ab_0.tar.bz2#3faab06a954c2a04039983f2c4a50d99
https://conda.anaconda.org/conda-forge/noarch/crashtest-0.4.1-pyhd8ed1ab_0.tar.bz2#709a2295dd907bb34afb57d54320642f
https://conda.anaconda.org/conda-forge/noarch/distlib-0.3.9-pyhd8ed1ab_0.conda#fe521c1608280cc2803ebd26dc252212
https://conda.anaconda.org/conda-forge/noarch/distro-1.9.0-pyhd8ed1ab_0.conda#bbdb409974cd6cb30071b1d978302726
https://conda.anaconda.org/conda-forge/noarch/filelock-3.16.1-pyhd8ed1ab_0.conda#916f8ec5dd4128cd5f207a3c4c07b2c6
https://conda.anaconda.org/conda-forge/win-64/frozendict-2.4.6-py310ha8f682b_0.conda#e5ecd3850635a1c6caeb64dbd70e441f
https://conda.anaconda.org/conda-forge/noarch/hpack-4.0.0-pyh9f0ad1d_0.tar.bz2#914d6646c4dbb1fd3ff539830a12fd71
https://conda.anaconda.org/conda-forge/noarch/hyperframe-6.0.1-pyhd8ed1ab_0.tar.bz2#9f765cbfab6870c8435b9eefecd7a1f4
https://conda.anaconda.org/conda-forge/noarch/idna-3.10-pyhd8ed1ab_0.conda#7ba2ede0e7c795ff95088daf0dc59753
https://conda.anaconda.org/conda-forge/win-64/jsonpointer-3.0.0-py310h5588dad_1.conda#6810fe21e6fa93f073584994ea178a12
https://conda.anaconda.org/conda-forge/win-64/libarchive-3.7.4-haf234dc_0.conda#86de12ebf8d7fffeba4ca9dbf13e9733
https://conda.anaconda.org/conda-forge/win-64/libcurl-8.10.1-h1ee3ff0_0.conda#7ead800e22ff7b4bccb73e42a8f7a0f4
https://conda.anaconda.org/conda-forge/win-64/libhwloc-2.11.1-default_h8125262_1000.conda#933bad6e4658157f1aec9b171374fde2
https://conda.anaconda.org/conda-forge/win-64/menuinst-2.1.2-py310h9e98ed7_1.conda#d753e24f1811a67a19adb49b9da52c9d
https://conda.anaconda.org/conda-forge/noarch/more-itertools-10.5.0-pyhd8ed1ab_0.conda#3364591bebd600979606791e1dff7cb6
https://conda.anaconda.org/conda-forge/win-64/msgpack-python-1.1.0-py310hc19bc0b_0.conda#2cfcbd596afd76879de4824c2c24f4a2
https://conda.anaconda.org/conda-forge/noarch/packaging-24.1-pyhd8ed1ab_0.conda#cbe1bb1f21567018ce595d9c2be0f0db
https://conda.anaconda.org/conda-forge/noarch/pkginfo-1.11.2-pyhd8ed1ab_0.conda#1ab2293c055793d6e5bb911a7a51621c
https://conda.anaconda.org/conda-forge/noarch/platformdirs-4.3.6-pyhd8ed1ab_0.conda#fd8f2b18b65bbf62e8f653100690c8d2
https://conda.anaconda.org/conda-forge/noarch/pluggy-1.5.0-pyhd8ed1ab_0.conda#d3483c8fc2dc2cc3f5cf43e26d60cabf
https://conda.anaconda.org/conda-forge/noarch/poetry-core-1.9.1-pyhd8ed1ab_0.conda#b5fa3e503035e23ef6d3297a37257c85
https://conda.anaconda.org/conda-forge/noarch/ptyprocess-0.7.0-pyhd3deb0d_0.tar.bz2#359eeb6536da0e687af562ed265ec263
https://conda.anaconda.org/conda-forge/win-64/pycosat-0.6.6-py310h8d17308_0.conda#0baa6a176b2328e65f217adf769815c5
https://conda.anaconda.org/conda-forge/noarch/pycparser-2.22-pyhd8ed1ab_0.conda#844d9eb3b43095b031874477f7d70088
https://conda.anaconda.org/conda-forge/noarch/python-fastjsonschema-2.20.0-pyhd8ed1ab_0.conda#b98d2018c01ce9980c03ee2850690fab
https://conda.anaconda.org/conda-forge/noarch/python-installer-0.7.0-pyhd8ed1ab_0.conda#65dea78f903d686c8b0c2feaf0e15e1f
https://conda.anaconda.org/conda-forge/win-64/pywin32-ctypes-0.2.3-py310h5588dad_1.conda#b76d444bdfb094896906a69af6f52320
https://conda.anaconda.org/conda-forge/win-64/re2-2024.07.02-hd3b24a8_1.conda#b4abdc84c969587219e7e759116a3e8b
https://conda.anaconda.org/conda-forge/win-64/ruamel.yaml.clib-0.2.8-py310ha8f682b_1.conda#1222342fd4d46f6c9f26eae1886bb368
https://conda.anaconda.org/conda-forge/noarch/setuptools-75.1.0-pyhd8ed1ab_0.conda#d5cd48392c67fb6849ba459c2c2b671f
https://conda.anaconda.org/conda-forge/noarch/shellingham-1.5.4-pyhd8ed1ab_0.conda#d08db09a552699ee9e7eec56b4eb3899
https://conda.anaconda.org/conda-forge/noarch/tomli-2.0.2-pyhd8ed1ab_0.conda#e977934e00b355ff55ed154904044727
https://conda.anaconda.org/conda-forge/noarch/tomlkit-0.13.2-pyha770c72_0.conda#0062a5f3347733f67b0f33ca48cc21dd
https://conda.anaconda.org/conda-forge/noarch/trove-classifiers-2024.10.16-pyhd8ed1ab_0.conda#dfd9748c73bc264c3f634d1345ee8210
https://conda.anaconda.org/conda-forge/noarch/truststore-0.9.2-pyhd8ed1ab_0.conda#f14e46d1bf271e748ff556d8b872e28a
https://conda.anaconda.org/conda-forge/noarch/wheel-0.44.0-pyhd8ed1ab_0.conda#d44e3b085abcaef02983c6305b84b584
https://conda.anaconda.org/conda-forge/noarch/win_inet_pton-1.1.0-pyh7428d3b_7.conda#c998c13b2f998af57c3b88c7a47979e0
https://conda.anaconda.org/conda-forge/noarch/zipp-3.20.2-pyhd8ed1ab_0.conda#4daaed111c05672ae669f7036ee5bba3
https://conda.anaconda.org/conda-forge/win-64/aws-c-event-stream-0.4.3-hd0ca3c1_2.conda#93704218ce07e4d961299e170ed430b6
https://conda.anaconda.org/conda-forge/win-64/aws-c-http-0.8.10-heca9ddf_0.conda#efd3dc45770f91dcd4f3a82f50cbea53
https://conda.anaconda.org/conda-forge/win-64/azure-core-cpp-1.14.0-haf5610f_0.conda#29fefbcaa92a797c0597437a21754c84
https://conda.anaconda.org/conda-forge/win-64/cffi-1.17.1-py310ha8f682b_0.conda#9c7ec967f4ae263aec56cff05bdbfc07
https://conda.anaconda.org/conda-forge/noarch/h2-4.1.0-pyhd8ed1ab_0.tar.bz2#b748fbf7060927a6e82df7cb5ee8f097
https://conda.anaconda.org/conda-forge/noarch/importlib-metadata-8.5.0-pyha770c72_0.conda#54198435fce4d64d8a89af22573012a8
https://conda.anaconda.org/conda-forge/noarch/importlib_resources-6.4.5-pyhd8ed1ab_0.conda#c808991d29b9838fb4d96ce8267ec9ec
https://conda.anaconda.org/conda-forge/noarch/jaraco.classes-3.4.0-pyhd8ed1ab_1.conda#7b756504d362cbad9b73a50a5455cafd
https://conda.anaconda.org/conda-forge/noarch/jsonpatch-1.33-pyhd8ed1ab_0.conda#bfdb7c5c6ad1077c82a69a8642c87aff
https://conda.anaconda.org/conda-forge/win-64/libgrpc-1.65.5-ha20e22e_0.conda#b550afe2fea16769fa9ef3fcbeadf0c1
https://conda.anaconda.org/conda-forge/win-64/libmamba-1.5.10-h81425b0_1.conda#321ddf9cb17e76a68e69db8ef2310e76
https://conda.anaconda.org/conda-forge/noarch/pexpect-4.9.0-pyhd8ed1ab_0.conda#629f3203c99b32e0988910c93e77f3b6
https://conda.anaconda.org/conda-forge/noarch/pip-24.2-pyh8b19718_1.conda#6c78fbb8ddfd64bcb55b5cbafd2d2c43
https://conda.anaconda.org/conda-forge/noarch/pyproject_hooks-1.2.0-pyh7850678_0.conda#5003da197661e40a2509e9c4651f1eea
https://conda.anaconda.org/conda-forge/noarch/pysocks-1.7.1-pyh0701188_6.tar.bz2#56cd9fe388baac0e90c7149cfac95b60
https://conda.anaconda.org/conda-forge/win-64/ruamel.yaml-0.18.6-py310ha8f682b_1.conda#d7244d128285da12f216fbfe21d69b35
https://conda.anaconda.org/conda-forge/win-64/tbb-2021.13.0-hc790b64_0.conda#28496a1e6af43c63927da4f80260348d
https://conda.anaconda.org/conda-forge/noarch/tqdm-4.66.5-pyhd8ed1ab_0.conda#c6e94fc2b2ec71ea33fe7c7da259acb4
https://conda.anaconda.org/conda-forge/noarch/virtualenv-20.26.6-pyhd8ed1ab_0.conda#a7aa70aa30c47aeb84672621a85a4ef8
https://conda.anaconda.org/conda-forge/win-64/aws-c-auth-0.7.31-hce3b56f_0.conda#49f9d09893f4356733ea584c1ef088ce
https://conda.anaconda.org/conda-forge/win-64/aws-c-mqtt-0.10.7-hf27581b_0.conda#7c1bb68151f9b81e1369bbcaa05a574e
https://conda.anaconda.org/conda-forge/win-64/azure-identity-cpp-1.10.0-hd6deed7_0.conda#4bb53530510eb2d983c46abce9bee9e2
https://conda.anaconda.org/conda-forge/win-64/azure-storage-common-cpp-12.8.0-hd6deed7_1.conda#dae51ef526eb277bc350875cd05fbf08
https://conda.anaconda.org/conda-forge/noarch/keyring-24.3.1-pyh7428d3b_1.conda#94b320d4d91ba989b58fdbc0763f8d5a
https://conda.anaconda.org/conda-forge/win-64/libgoogle-cloud-2.30.0-ha00044d_0.conda#6abd86bf0b053dd2fe698568a3f38821
https://conda.anaconda.org/conda-forge/win-64/libmambapy-1.5.10-py310h38857ff_1.conda#10777dce6b6997af3544482ccde06a51
https://conda.anaconda.org/conda-forge/win-64/mkl-2024.1.0-h66d3029_694.conda#a17423859d3fb912c8f2e9797603ddb6
https://conda.anaconda.org/conda-forge/noarch/python-build-1.2.2.post1-pyhff2d567_0.conda#bd5ae3c630d5eed353badb091fd3e603
https://conda.anaconda.org/conda-forge/win-64/zstandard-0.23.0-py310he5e10e1_1.conda#2a879227ccc1a10a2caddf12607ffaeb
https://conda.anaconda.org/conda-forge/win-64/aws-c-s3-0.6.6-h56e9fbd_0.conda#0b301304eebf6697381350eb096bd1a5
https://conda.anaconda.org/conda-forge/win-64/azure-storage-blobs-cpp-12.13.0-h3241184_1.conda#2e050178dd479163794041ede5c476c7
https://conda.anaconda.org/conda-forge/noarch/conda-package-streaming-0.11.0-pyhd8ed1ab_0.conda#bc9533d8616a97551ed144789bf9c1cd
https://conda.anaconda.org/conda-forge/win-64/libblas-3.9.0-24_win64_mkl.conda#ea127210707251a33116b437c22b8dad
https://conda.anaconda.org/conda-forge/win-64/libgoogle-cloud-storage-2.30.0-he5eb982_0.conda#116f6a285dbe98e6d4126a88de2878dd
https://conda.anaconda.org/conda-forge/noarch/urllib3-2.2.3-pyhd8ed1ab_0.conda#6b55867f385dd762ed99ea687af32a69
https://conda.anaconda.org/conda-forge/win-64/aws-crt-cpp-0.28.3-h26f7782_6.conda#d59a961de1c3039c98f23e8f7532b31a
https://conda.anaconda.org/conda-forge/noarch/conda-package-handling-2.4.0-pyh7900ff3_0.conda#686fb26b6fd490b533ec580da90b2af8
https://conda.anaconda.org/conda-forge/win-64/dulwich-0.21.7-py310ha8f682b_1.conda#f325896428e0850b7b314948ac69a6a7
https://conda.anaconda.org/conda-forge/win-64/libcblas-3.9.0-24_win64_mkl.conda#a42c7390d3249698c0ffb6040e9396e7
https://conda.anaconda.org/conda-forge/win-64/liblapack-3.9.0-24_win64_mkl.conda#c69b7b6756a8d58cc8cf17081fffdc5c
https://conda.anaconda.org/conda-forge/noarch/requests-2.32.3-pyhd8ed1ab_0.conda#5ede4753180c7a550a443c430dc8ab52
https://conda.anaconda.org/conda-forge/win-64/aws-sdk-cpp-1.11.407-h25dd3c2_0.conda#b2d39f93aa57382367d6cacd55ec4f32
https://conda.anaconda.org/conda-forge/noarch/cachecontrol-0.14.0-pyhd8ed1ab_1.conda#a54e449940b3e4bb2129b8daae0c1f65
https://conda.anaconda.org/conda-forge/win-64/numpy-2.1.2-py310hb9d903e_0.conda#dd75b8747730f68301487421f0d19bbf
https://conda.anaconda.org/conda-forge/noarch/requests-toolbelt-1.0.0-pyhd8ed1ab_0.conda#99c98318c8646b08cc764f90ce98906e
https://conda.anaconda.org/conda-forge/noarch/cachecontrol-with-filecache-0.14.0-pyhd8ed1ab_1.conda#42a12b0b21d64b36a9ab9a24a04eb910
https://conda.anaconda.org/conda-forge/win-64/rapidfuzz-3.10.0-py310h9e98ed7_0.conda#b6f8317cbd6f19f45e5e0d3f74b9c80b
https://conda.anaconda.org/conda-forge/win-64/tiledb-2.26.2-h19c5691_2.conda#b7d27e4f31b2aca4bbb446638c2b2573
https://conda.anaconda.org/conda-forge/noarch/cleo-2.1.0-pyhd8ed1ab_0.conda#69569ea8a6d1465193345a40421d138b
https://conda.anaconda.org/conda-forge/win-64/tiledb-py-0.32.2-py310h7a569f9_0.conda#1c37e15b0a12e451801028500957b73d
https://conda.anaconda.org/conda-forge/win-64/conda-24.9.2-py310h5588dad_0.conda#40a148198878bace0d5105c51b62583d
https://conda.anaconda.org/conda-forge/noarch/conda-libmamba-solver-24.9.0-pyhd8ed1ab_0.conda#45378d089c5f72c9c0d63d58414c645d
https://conda.anaconda.org/conda-forge/win-64/mamba-1.5.10-py310hd9d798f_1.conda#5719ece83c5ef9cdf74b5a94edfafe72
https://conda.anaconda.org/conda-forge/noarch/poetry-1.8.4-win_pyh7428d3b_0.conda#9da9d846c9b33f0957e53471f78bb26b
https://conda.anaconda.org/conda-forge/noarch/poetry-plugin-export-1.8.0-pyhd8ed1ab_0.conda#9435d439db818300e34b28eb6ac324ba
