# Generated by conda-lock.
# platform: osx-arm64
# input_hash: 12d1a6da4b18330d3ce58ccbccafbad3d9061c632dbda20c0008440a95d7307b
@EXPLICIT
https://conda.anaconda.org/conda-forge/osx-arm64/ca-certificates-2024.8.30-hf0a4a13_0.conda#40dec13fd8348dbe303e57be74bd3d35
https://conda.anaconda.org/conda-forge/osx-arm64/libdeflate-1.20-h93a5062_0.conda#97efeaeba2a9a82bdf46fc6d025e3a57
https://conda.anaconda.org/conda-forge/osx-arm64/libev-4.33-h93a5062_2.conda#36d33e440c31857372a72137f78bacf5
https://conda.anaconda.org/conda-forge/osx-arm64/libffi-3.4.2-h3422bc3_5.tar.bz2#086914b672be056eb70fd4285b6783b6
https://conda.anaconda.org/conda-forge/osx-arm64/libiconv-1.17-h0d3ecfb_2.conda#69bda57310071cf6d2b86caf11573d2d
https://conda.anaconda.org/conda-forge/osx-arm64/libwebp-base-1.4.0-h93a5062_0.conda#c0af0edfebe780b19940e94871f1a765
https://conda.anaconda.org/conda-forge/osx-arm64/lzo-2.10-h93a5062_1001.conda#915996063a7380c652f83609e970c2a7
https://conda.anaconda.org/conda-forge/osx-arm64/python_abi-3.10-5_cp310.conda#e33836c9096802b29d28981765becbee
https://conda.anaconda.org/conda-forge/osx-arm64/reproc-14.2.4.post0-h93a5062_1.conda#ef7ae6d7bb50c8c735551d825e1ea287
https://conda.anaconda.org/conda-forge/noarch/tzdata-2024b-hc8b5060_0.conda#8ac3367aafb1cc0a068483c580af8015
https://conda.anaconda.org/conda-forge/osx-arm64/xz-5.2.6-h57fd34a_0.tar.bz2#39c6b54e94014701dd157f4f576ed211
https://conda.anaconda.org/conda-forge/osx-arm64/aws-c-common-0.9.29-h7ab814d_0.conda#d4a90d217342b08daa7e80049fdaa6c9
https://conda.anaconda.org/conda-forge/osx-arm64/bzip2-1.0.8-h99b78c6_7.conda#fc6948412dbbbe9a4c9ddbbcfe0a79ab
https://conda.anaconda.org/conda-forge/osx-arm64/c-ares-1.34.2-h7ab814d_0.conda#8a8cfc11064b521bc54bd2d8591cb137
https://conda.anaconda.org/conda-forge/osx-arm64/icu-75.1-hfee45f7_0.conda#5eb22c1d7b3fc4abb50d92d621583137
https://conda.anaconda.org/conda-forge/osx-arm64/libcxx-19.1.2-ha82da77_0.conda#ba89ad7c5477e6a9d020020fcdadd37d
https://conda.anaconda.org/conda-forge/osx-arm64/libzlib-1.3.1-h8359307_2.conda#369964e85dc26bfe78f41399b366c435
https://conda.anaconda.org/conda-forge/osx-arm64/llvm-openmp-19.1.2-hb52a8e5_0.conda#7ad59f95f091ed6a99a7cbcd6f201be0
https://conda.anaconda.org/conda-forge/osx-arm64/ncurses-6.5-h7bae524_1.conda#cb2b0ea909b97b3d70cd3921d1445e1a
https://conda.anaconda.org/conda-forge/osx-arm64/openssl-3.3.2-h8359307_0.conda#1773ebccdc13ec603356e8ff1db9e958
https://conda.anaconda.org/conda-forge/osx-arm64/aws-c-cal-0.7.4-hd45b2be_2.conda#de4bf687ac70a2b861a94b87164669c9
https://conda.anaconda.org/conda-forge/osx-arm64/aws-c-compression-0.2.19-hd45b2be_2.conda#9c634af661f50e923419e0df92633d31
https://conda.anaconda.org/conda-forge/osx-arm64/aws-c-sdkutils-0.1.19-hd45b2be_4.conda#7ccdd0f21ffbc77b11963f00892ca8b5
https://conda.anaconda.org/conda-forge/osx-arm64/aws-checksums-0.1.20-hd45b2be_1.conda#ab0b68aafe787311cb8397fd2e60982d
https://conda.anaconda.org/bioconda/osx-arm64/bedtools-2.31.1-hac2f1dd_2.tar.bz2#917649ce9214a9b55cc391a04c3b105b
https://conda.anaconda.org/conda-forge/osx-arm64/cpp-expected-1.1.0-hffc8910_0.conda#d58ea142acc3d93f6f0176e31e4493ad
https://conda.anaconda.org/conda-forge/osx-arm64/fmt-11.0.2-h420ef59_0.conda#0e44849fd4764e9f85ed8caa9f24c118
https://conda.anaconda.org/conda-forge/osx-arm64/libabseil-20240722.0-cxx17_hf9b8971_1.conda#706da5e791c569a7b9814877098a6a0a
https://conda.anaconda.org/conda-forge/osx-arm64/libcrc32c-1.1.2-hbdafb3b_0.tar.bz2#32bd82a6a625ea6ce090a81c3d34edeb
https://conda.anaconda.org/conda-forge/osx-arm64/libedit-3.1.20191231-hc8eb9b7_2.tar.bz2#30e4362988a2623e9eb34337b83e01f9
https://conda.anaconda.org/conda-forge/osx-arm64/libgfortran5-13.2.0-hf226fd6_3.conda#66ac81d54e95c534ae488726c1f698ea
https://conda.anaconda.org/conda-forge/osx-arm64/libnghttp2-1.58.0-ha4dd798_1.conda#1813e066bfcef82de579a0be8a766df4
https://conda.anaconda.org/conda-forge/osx-arm64/libsolv-0.7.30-h6c9b7f8_0.conda#a5795a7ca73c9c99f112abce7864b500
https://conda.anaconda.org/conda-forge/osx-arm64/libsqlite-3.46.1-hc14010f_0.conda#58050ec1724e58668d0126a1615553fa
https://conda.anaconda.org/conda-forge/osx-arm64/libssh2-1.11.0-h7a5bd25_0.conda#029f7dc931a3b626b94823bc77830b01
https://conda.anaconda.org/conda-forge/osx-arm64/libxml2-2.12.7-h01dff8b_4.conda#1265488dc5035457b729583119ad4a1b
https://conda.anaconda.org/conda-forge/osx-arm64/lz4-c-1.9.4-hb7217d7_0.conda#45505bec548634f7d05e02fb25262cb9
https://conda.anaconda.org/conda-forge/osx-arm64/nlohmann_json-3.11.3-h00cdb27_1.conda#d2dee849c806430eee64d3acc98ce090
https://conda.anaconda.org/conda-forge/osx-arm64/readline-8.2-h92ec313_1.conda#8cbb776a2f641b943d413b3e19df71f4
https://conda.anaconda.org/conda-forge/osx-arm64/reproc-cpp-14.2.4.post0-h965bd2d_1.conda#f81d00496e13ee828f84b3ef17e41346
https://conda.anaconda.org/conda-forge/osx-arm64/simdjson-3.10.1-h7b3277c_0.conda#20d38192890c62d1bc30707cff2cb22a
https://conda.anaconda.org/conda-forge/osx-arm64/tk-8.6.13-h5083fa2_1.conda#b50a57ba89c32b62428b71a875291c9b
https://conda.anaconda.org/conda-forge/osx-arm64/yaml-cpp-0.8.0-h13dd4ca_0.conda#e783a232972a5c7dca549111e63a78b2
https://conda.anaconda.org/conda-forge/osx-arm64/zstd-1.5.6-hb46c0d2_0.conda#d96942c06c3e84bfcc5efb038724a7fd
https://conda.anaconda.org/conda-forge/osx-arm64/aws-c-io-0.14.19-h5ad5fc2_1.conda#463fae93275ddd0a6e2afb327b4d87e5
https://conda.anaconda.org/conda-forge/osx-arm64/krb5-1.21.3-h237132a_0.conda#c6dc8a0fdec13a0565936655c33069a1
https://conda.anaconda.org/conda-forge/osx-arm64/libarchive-3.7.4-h83d404f_0.conda#8b604ee634caafd92f2ff2fab6a1f75a
https://conda.anaconda.org/conda-forge/osx-arm64/libgfortran-5.0.0-13_2_0_hd922786_3.conda#4a55d9e169114b2b90d3ec4604cd7bbf
https://conda.anaconda.org/conda-forge/osx-arm64/libprotobuf-5.27.5-h53f8970_2.conda#e9d021f82c48bb08b0b2c321b2f7778c
https://conda.anaconda.org/conda-forge/osx-arm64/libre2-11-2024.07.02-h2348fd5_1.conda#5a7065309a66097738be6a06fd04b7ef
https://conda.anaconda.org/conda-forge/osx-arm64/python-3.10.15-hdce6c4c_2_cpython.conda#b6a5e688170f1301a858f6001c32822d
https://conda.anaconda.org/conda-forge/osx-arm64/spdlog-1.14.1-h6d8af72_1.conda#4af518b01539da8e4af17aee5fb92639
https://conda.anaconda.org/conda-forge/osx-arm64/aws-c-event-stream-0.4.3-hdf5079d_4.conda#d89057a51d66d9c0c907c3dfebf845eb
https://conda.anaconda.org/conda-forge/osx-arm64/aws-c-http-0.8.10-h4588aaf_2.conda#fd850cc4bc7af65f3b7e98324bda96fa
https://conda.anaconda.org/conda-forge/osx-arm64/brotli-python-1.1.0-py310hb4ad77e_2.conda#3117b40143698e1afd17bca69f04e2d9
https://conda.anaconda.org/conda-forge/noarch/certifi-2024.8.30-pyhd8ed1ab_0.conda#12f7d00853807b0531775e9be891cb11
https://conda.anaconda.org/conda-forge/noarch/charset-normalizer-3.4.0-pyhd8ed1ab_0.conda#a374efa97290b8799046df7c5ca17164
https://conda.anaconda.org/conda-forge/noarch/colorama-0.4.6-pyhd8ed1ab_0.tar.bz2#3faab06a954c2a04039983f2c4a50d99
https://conda.anaconda.org/conda-forge/noarch/crashtest-0.4.1-pyhd8ed1ab_0.tar.bz2#709a2295dd907bb34afb57d54320642f
https://conda.anaconda.org/conda-forge/noarch/distlib-0.3.9-pyhd8ed1ab_0.conda#fe521c1608280cc2803ebd26dc252212
https://conda.anaconda.org/conda-forge/noarch/filelock-3.16.1-pyhd8ed1ab_0.conda#916f8ec5dd4128cd5f207a3c4c07b2c6
https://conda.anaconda.org/conda-forge/noarch/hpack-4.0.0-pyh9f0ad1d_0.tar.bz2#914d6646c4dbb1fd3ff539830a12fd71
https://conda.anaconda.org/conda-forge/noarch/hyperframe-6.0.1-pyhd8ed1ab_0.tar.bz2#9f765cbfab6870c8435b9eefecd7a1f4
https://conda.anaconda.org/conda-forge/noarch/idna-3.10-pyhd8ed1ab_0.conda#7ba2ede0e7c795ff95088daf0dc59753
https://conda.anaconda.org/conda-forge/osx-arm64/libcurl-8.10.1-h13a7ad3_0.conda#d84030d0863ffe7dea00b9a807fee961
https://conda.anaconda.org/conda-forge/osx-arm64/libopenblas-0.3.27-openmp_h517c56d_1.conda#71b8a34d70aa567a990162f327e81505
https://conda.anaconda.org/conda-forge/noarch/more-itertools-10.5.0-pyhd8ed1ab_0.conda#3364591bebd600979606791e1dff7cb6
https://conda.anaconda.org/conda-forge/osx-arm64/msgpack-python-1.1.0-py310h7306fd8_0.conda#85b4e3f64bf1fdc6f7d210a7c34037f9
https://conda.anaconda.org/conda-forge/noarch/packaging-24.1-pyhd8ed1ab_0.conda#cbe1bb1f21567018ce595d9c2be0f0db
https://conda.anaconda.org/conda-forge/noarch/pkginfo-1.11.2-pyhd8ed1ab_0.conda#1ab2293c055793d6e5bb911a7a51621c
https://conda.anaconda.org/conda-forge/noarch/platformdirs-4.3.6-pyhd8ed1ab_0.conda#fd8f2b18b65bbf62e8f653100690c8d2
https://conda.anaconda.org/conda-forge/noarch/poetry-core-1.9.1-pyhd8ed1ab_0.conda#b5fa3e503035e23ef6d3297a37257c85
https://conda.anaconda.org/conda-forge/noarch/ptyprocess-0.7.0-pyhd3deb0d_0.tar.bz2#359eeb6536da0e687af562ed265ec263
https://conda.anaconda.org/conda-forge/noarch/pycparser-2.22-pyhd8ed1ab_0.conda#844d9eb3b43095b031874477f7d70088
https://conda.anaconda.org/conda-forge/noarch/pysocks-1.7.1-pyha2e5f31_6.tar.bz2#2a7de29fb590ca14b5243c4c812c8025
https://conda.anaconda.org/conda-forge/noarch/python-fastjsonschema-2.20.0-pyhd8ed1ab_0.conda#b98d2018c01ce9980c03ee2850690fab
https://conda.anaconda.org/conda-forge/noarch/python-installer-0.7.0-pyhd8ed1ab_0.conda#65dea78f903d686c8b0c2feaf0e15e1f
https://conda.anaconda.org/conda-forge/osx-arm64/re2-2024.07.02-hcd0e937_1.conda#19e29f2ccc9168eb0a39dc40c04c0e21
https://conda.anaconda.org/conda-forge/noarch/setuptools-75.1.0-pyhd8ed1ab_0.conda#d5cd48392c67fb6849ba459c2c2b671f
https://conda.anaconda.org/conda-forge/noarch/shellingham-1.5.4-pyhd8ed1ab_0.conda#d08db09a552699ee9e7eec56b4eb3899
https://conda.anaconda.org/conda-forge/noarch/tomli-2.0.2-pyhd8ed1ab_0.conda#e977934e00b355ff55ed154904044727
https://conda.anaconda.org/conda-forge/noarch/tomlkit-0.13.2-pyha770c72_0.conda#0062a5f3347733f67b0f33ca48cc21dd
https://conda.anaconda.org/conda-forge/noarch/trove-classifiers-2024.10.16-pyhd8ed1ab_0.conda#dfd9748c73bc264c3f634d1345ee8210
https://conda.anaconda.org/conda-forge/noarch/wheel-0.44.0-pyhd8ed1ab_0.conda#d44e3b085abcaef02983c6305b84b584
https://conda.anaconda.org/conda-forge/noarch/zipp-3.20.2-pyhd8ed1ab_0.conda#4daaed111c05672ae669f7036ee5bba3
https://conda.anaconda.org/conda-forge/osx-arm64/aws-c-auth-0.7.31-h14f56dd_2.conda#85a9125cf9705e4c7a829a829af6744b
https://conda.anaconda.org/conda-forge/osx-arm64/aws-c-mqtt-0.10.7-hbe077eb_2.conda#5013eaa8a8242355199a31e8973ff3f0
https://conda.anaconda.org/conda-forge/osx-arm64/azure-core-cpp-1.14.0-hd50102c_0.conda#f093a11dcf3cdcca010b20a818fcc6dc
https://conda.anaconda.org/conda-forge/osx-arm64/cffi-1.17.1-py310h497396d_0.conda#61ed55c277b0bdb5e6e67771f9e5b63e
https://conda.anaconda.org/conda-forge/noarch/h2-4.1.0-pyhd8ed1ab_0.tar.bz2#b748fbf7060927a6e82df7cb5ee8f097
https://conda.anaconda.org/conda-forge/noarch/importlib-metadata-8.5.0-pyha770c72_0.conda#54198435fce4d64d8a89af22573012a8
https://conda.anaconda.org/conda-forge/noarch/importlib_resources-6.4.5-pyhd8ed1ab_0.conda#c808991d29b9838fb4d96ce8267ec9ec
https://conda.anaconda.org/conda-forge/noarch/jaraco.classes-3.4.0-pyhd8ed1ab_1.conda#7b756504d362cbad9b73a50a5455cafd
https://conda.anaconda.org/conda-forge/osx-arm64/libblas-3.9.0-24_osxarm64_openblas.conda#35cb711e7bc46ee5f3dd67af99ad1986
https://conda.anaconda.org/conda-forge/osx-arm64/libgrpc-1.65.5-h3d9cf25_0.conda#b829a3509f5d89b21fa481ebc8edd953
https://conda.anaconda.org/conda-forge/osx-arm64/libmamba-2.0.2-hc61166f_1.conda#618410e8f5c484d3777c12e3ee05b3f4
https://conda.anaconda.org/conda-forge/noarch/pexpect-4.9.0-pyhd8ed1ab_0.conda#629f3203c99b32e0988910c93e77f3b6
https://conda.anaconda.org/conda-forge/noarch/pip-24.2-pyh8b19718_1.conda#6c78fbb8ddfd64bcb55b5cbafd2d2c43
https://conda.anaconda.org/conda-forge/noarch/pyproject_hooks-1.2.0-pyh7850678_0.conda#5003da197661e40a2509e9c4651f1eea
https://conda.anaconda.org/bioconda/osx-arm64/pysam-0.22.1-py310h5765aac_2.tar.bz2#7c404f95e8a69a06bd44646305ecbc30
https://conda.anaconda.org/conda-forge/noarch/virtualenv-20.27.0-pyhd8ed1ab_0.conda#a6ed1227ba6ec37cfc2b25e6512f729f
https://conda.anaconda.org/conda-forge/osx-arm64/aws-c-s3-0.6.7-h86d2b7d_0.conda#851d2b927ba01ac963ffbc1868e971a3
https://conda.anaconda.org/conda-forge/osx-arm64/azure-identity-cpp-1.10.0-hc602bab_0.conda#d7b71593a937459f2d4b67e1a4727dc2
https://conda.anaconda.org/conda-forge/osx-arm64/azure-storage-common-cpp-12.8.0-h9ca1f76_1.conda#7a187cd7b1445afc80253bb186a607cc
https://conda.anaconda.org/conda-forge/noarch/keyring-24.3.1-pyh534df25_1.conda#3b82d63a01a6bfe5159f9f287672230b
https://conda.anaconda.org/conda-forge/osx-arm64/libcblas-3.9.0-24_osxarm64_openblas.conda#c8977086a19233153e454bb2b332a920
https://conda.anaconda.org/conda-forge/osx-arm64/libgoogle-cloud-2.30.0-h2e6cea1_0.conda#be857dc2a7d747d9aa191ed6c701bde7
https://conda.anaconda.org/conda-forge/osx-arm64/liblapack-3.9.0-24_osxarm64_openblas.conda#49a3241f76cdbe705e346204a328f66c
https://conda.anaconda.org/conda-forge/osx-arm64/mamba-2.0.2-h232bcfd_1.conda#a3ed89be5bd746f8f948e16361ae744f
https://conda.anaconda.org/conda-forge/noarch/python-build-1.2.2.post1-pyhff2d567_0.conda#bd5ae3c630d5eed353badb091fd3e603
https://conda.anaconda.org/conda-forge/osx-arm64/xattr-1.1.0-py310h493c2e1_1.conda#22fc5457ac841246bfe65279d231a435
https://conda.anaconda.org/conda-forge/osx-arm64/zstandard-0.23.0-py310h2665a74_1.conda#81b300570a423c9c9521b79f8f2ed1ba
https://conda.anaconda.org/conda-forge/osx-arm64/aws-crt-cpp-0.28.3-h4f9f7e0_8.conda#14af6354d5437421793e17e865301371
https://conda.anaconda.org/conda-forge/osx-arm64/azure-storage-blobs-cpp-12.13.0-h7585a09_1.conda#704238ef05d46144dae2e6b5853df8bc
https://conda.anaconda.org/conda-forge/osx-arm64/libgoogle-cloud-storage-2.30.0-h90fd6fa_0.conda#34381339cf47d7af329026d1474f30ff
https://conda.anaconda.org/conda-forge/osx-arm64/numpy-2.1.2-py310hcaf17df_0.conda#3bdb303e1078607665e9ba567bbb0a49
https://conda.anaconda.org/conda-forge/noarch/urllib3-2.2.3-pyhd8ed1ab_0.conda#6b55867f385dd762ed99ea687af32a69
https://conda.anaconda.org/conda-forge/osx-arm64/aws-sdk-cpp-1.11.407-h880863c_1.conda#60877ad5c76505fa4b90ab5567babb3d
https://conda.anaconda.org/conda-forge/osx-arm64/dulwich-0.21.7-py310hf9df320_1.conda#5ea49bf0be45bb1da0b32324cea1a56f
https://conda.anaconda.org/bioconda/osx-arm64/pybedtools-0.10.0-py310he0ef510_2.tar.bz2#b5af2593f5dded51e485d20af5e6d7f2
https://conda.anaconda.org/conda-forge/osx-arm64/rapidfuzz-3.10.0-py310hb4ad77e_0.conda#2512f0b2436caccf700d9855b8cff29a
https://conda.anaconda.org/conda-forge/noarch/requests-2.32.3-pyhd8ed1ab_0.conda#5ede4753180c7a550a443c430dc8ab52
https://conda.anaconda.org/conda-forge/noarch/cachecontrol-0.14.0-pyhd8ed1ab_1.conda#a54e449940b3e4bb2129b8daae0c1f65
https://conda.anaconda.org/conda-forge/noarch/cleo-2.1.0-pyhd8ed1ab_0.conda#69569ea8a6d1465193345a40421d138b
https://conda.anaconda.org/conda-forge/noarch/requests-toolbelt-1.0.0-pyhd8ed1ab_0.conda#99c98318c8646b08cc764f90ce98906e
https://conda.anaconda.org/conda-forge/osx-arm64/tiledb-2.26.2-h15b3312_2.conda#51ee936a1d0d24d44fea882877f39f1e
https://conda.anaconda.org/conda-forge/noarch/cachecontrol-with-filecache-0.14.0-pyhd8ed1ab_1.conda#42a12b0b21d64b36a9ab9a24a04eb910
https://conda.anaconda.org/conda-forge/osx-arm64/tiledb-py-0.32.2-py310hd51bcf0_0.conda#8ae1c49db4a3d3d683002f8b85b89e6c
https://conda.anaconda.org/conda-forge/noarch/poetry-1.8.4-osx_pyh534df25_0.conda#2cbb77a0abca67ef98f17e9a74721893
https://conda.anaconda.org/conda-forge/noarch/poetry-plugin-export-1.8.0-pyhd8ed1ab_0.conda#9435d439db818300e34b28eb6ac324ba
